// !$*UTF8*$!
{
	archiveVersion = 1;
	classes = {
	};
	objectVersion = 56;
	objects = {

/* Begin PBXBuildFile section */
		030FCAD929662F9000EA23C8 /*  BreedsRequester.swift in Sources */ = {isa = PBXBuildFile; fileRef = 030FCAD829662F9000EA23C8 /*  BreedsRequester.swift */; };
		030FCADD296633D100EA23C8 /* breeds_empty.json in CopyFiles */ = {isa = PBXBuildFile; fileRef = 030FCADA296633BE00EA23C8 /* breeds_empty.json */; };
		030FCADE296633D100EA23C8 /* breeds_malformed.json in CopyFiles */ = {isa = PBXBuildFile; fileRef = 030FCADB296633BE00EA23C8 /* breeds_malformed.json */; };
		030FCADF296633D100EA23C8 /* breeds_with_more.json in CopyFiles */ = {isa = PBXBuildFile; fileRef = 030FCADC296633BE00EA23C8 /* breeds_with_more.json */; };
		03B2518A294BDBC000469018 /* main.swift in Sources */ = {isa = PBXBuildFile; fileRef = 03B25189294BDBC000469018 /* main.swift */; };
		03B25193294BDC0500469018 /* Breed.swift in Sources */ = {isa = PBXBuildFile; fileRef = 03B25192294BDC0500469018 /* Breed.swift */; };
		03B25197294BDC9400469018 /* Breeds.swift in Sources */ = {isa = PBXBuildFile; fileRef = 03B25196294BDC9400469018 /* Breeds.swift */; };
		03B2519A294BE2AF00469018 /* URLSessionExtension.swift in Sources */ = {isa = PBXBuildFile; fileRef = 03B25198294BE2AF00469018 /* URLSessionExtension.swift */; };
		03B2519B294BE2AF00469018 /* URLProtocolStub.swift in Sources */ = {isa = PBXBuildFile; fileRef = 03B25199294BE2AF00469018 /* URLProtocolStub.swift */; };
		03B2519F294BE9E300469018 /* breeds.json in Sources */ = {isa = PBXBuildFile; fileRef = 03B2519E294BE9B700469018 /* breeds.json */; };
		03B251A1294BEB0700469018 /* breeds.json in CopyFiles */ = {isa = PBXBuildFile; fileRef = 03B2519E294BE9B700469018 /* breeds.json */; };
		03CBCF9A2965E29C00CE8452 /* BreedsURL.swift in Sources */ = {isa = PBXBuildFile; fileRef = 03CBCF992965E29C00CE8452 /* BreedsURL.swift */; };
/* End PBXBuildFile section */

/* Begin PBXCopyFilesBuildPhase section */
		03B251A0294BEAF400469018 /* CopyFiles */ = {
			isa = PBXCopyFilesBuildPhase;
			buildActionMask = 2147483647;
			dstPath = "";
			dstSubfolderSpec = 7;
			files = (
				030FCADD296633D100EA23C8 /* breeds_empty.json in CopyFiles */,
				030FCADE296633D100EA23C8 /* breeds_malformed.json in CopyFiles */,
				030FCADF296633D100EA23C8 /* breeds_with_more.json in CopyFiles */,
				03B251A1294BEB0700469018 /* breeds.json in CopyFiles */,
			);
			runOnlyForDeploymentPostprocessing = 0;
		};
/* End PBXCopyFilesBuildPhase section */

/* Begin PBXFileReference section */
		030FCAD829662F9000EA23C8 /*  BreedsRequester.swift */ = {isa = PBXFileReference; lastKnownFileType = sourcecode.swift; path = " BreedsRequester.swift"; sourceTree = "<group>"; };
		030FCADA296633BE00EA23C8 /* breeds_empty.json */ = {isa = PBXFileReference; fileEncoding = 4; lastKnownFileType = text.json; path = breeds_empty.json; sourceTree = "<group>"; };
		030FCADB296633BE00EA23C8 /* breeds_malformed.json */ = {isa = PBXFileReference; fileEncoding = 4; lastKnownFileType = text.json; path = breeds_malformed.json; sourceTree = "<group>"; };
		030FCADC296633BE00EA23C8 /* breeds_with_more.json */ = {isa = PBXFileReference; fileEncoding = 4; lastKnownFileType = text.json; path = breeds_with_more.json; sourceTree = "<group>"; };
		03B25186294BDBC000469018 /* FancyCat */ = {isa = PBXFileReference; explicitFileType = "compiled.mach-o.executable"; includeInIndex = 0; path = FancyCat; sourceTree = BUILT_PRODUCTS_DIR; };
		03B25189294BDBC000469018 /* main.swift */ = {isa = PBXFileReference; lastKnownFileType = sourcecode.swift; path = main.swift; sourceTree = "<group>"; };
		03B25192294BDC0500469018 /* Breed.swift */ = {isa = PBXFileReference; lastKnownFileType = sourcecode.swift; path = Breed.swift; sourceTree = "<group>"; };
		03B25196294BDC9400469018 /* Breeds.swift */ = {isa = PBXFileReference; lastKnownFileType = sourcecode.swift; path = Breeds.swift; sourceTree = "<group>"; };
		03B25198294BE2AF00469018 /* URLSessionExtension.swift */ = {isa = PBXFileReference; fileEncoding = 4; lastKnownFileType = sourcecode.swift; path = URLSessionExtension.swift; sourceTree = "<group>"; };
		03B25199294BE2AF00469018 /* URLProtocolStub.swift */ = {isa = PBXFileReference; fileEncoding = 4; lastKnownFileType = sourcecode.swift; path = URLProtocolStub.swift; sourceTree = "<group>"; };
		03B2519E294BE9B700469018 /* breeds.json */ = {isa = PBXFileReference; lastKnownFileType = text.json; path = breeds.json; sourceTree = "<group>"; };
		03CBCF992965E29C00CE8452 /* BreedsURL.swift */ = {isa = PBXFileReference; lastKnownFileType = sourcecode.swift; path = BreedsURL.swift; sourceTree = "<group>"; };
/* End PBXFileReference section */

/* Begin PBXFrameworksBuildPhase section */
		03B25183294BDBC000469018 /* Frameworks */ = {
			isa = PBXFrameworksBuildPhase;
			buildActionMask = 2147483647;
			files = (
			);
			runOnlyForDeploymentPostprocessing = 0;
		};
/* End PBXFrameworksBuildPhase section */

/* Begin PBXGroup section */
		03B2517D294BDBC000469018 = {
			isa = PBXGroup;
			children = (
				03B25188294BDBC000469018 /* FancyCat */,
				03B25187294BDBC000469018 /* Products */,
			);
			sourceTree = "<group>";
		};
		03B25187294BDBC000469018 /* Products */ = {
			isa = PBXGroup;
			children = (
				03B25186294BDBC000469018 /* FancyCat */,
			);
			name = Products;
			sourceTree = "<group>";
		};
		03B25188294BDBC000469018 /* FancyCat */ = {
			isa = PBXGroup;
			children = (
				030FCAD829662F9000EA23C8 /*  BreedsRequester.swift */,
				03B25192294BDC0500469018 /* Breed.swift */,
				030FCADA296633BE00EA23C8 /* breeds_empty.json */,
				030FCADB296633BE00EA23C8 /* breeds_malformed.json */,
				030FCADC296633BE00EA23C8 /* breeds_with_more.json */,
				03B2519E294BE9B700469018 /* breeds.json */,
				03B25196294BDC9400469018 /* Breeds.swift */,
				03CBCF992965E29C00CE8452 /* BreedsURL.swift */,
				03B25189294BDBC000469018 /* main.swift */,
				03B25199294BE2AF00469018 /* URLProtocolStub.swift */,
				03B25198294BE2AF00469018 /* URLSessionExtension.swift */,
			);
			path = FancyCat;
			sourceTree = "<group>";
		};
/* End PBXGroup section */

/* Begin PBXNativeTarget section */
		03B25185294BDBC000469018 /* FancyCat */ = {
			isa = PBXNativeTarget;
			buildConfigurationList = 03B2518D294BDBC000469018 /* Build configuration list for PBXNativeTarget "FancyCat" */;
			buildPhases = (
				03B25182294BDBC000469018 /* Sources */,
				03B25183294BDBC000469018 /* Frameworks */,
				03B251A0294BEAF400469018 /* CopyFiles */,
			);
			buildRules = (
			);
			dependencies = (
			);
			name = FancyCat;
			productName = FancyCat;
			productReference = 03B25186294BDBC000469018 /* FancyCat */;
			productType = "com.apple.product-type.tool";
		};
/* End PBXNativeTarget section */

/* Begin PBXProject section */
		03B2517E294BDBC000469018 /* Project object */ = {
			isa = PBXProject;
			attributes = {
				BuildIndependentTargetsInParallel = 1;
				LastSwiftUpdateCheck = 1410;
				LastUpgradeCheck = 1410;
				TargetAttributes = {
					03B25185294BDBC000469018 = {
						CreatedOnToolsVersion = 14.1;
					};
				};
			};
			buildConfigurationList = 03B25181294BDBC000469018 /* Build configuration list for PBXProject "FancyCat" */;
			compatibilityVersion = "Xcode 14.0";
			developmentRegion = en;
			hasScannedForEncodings = 0;
			knownRegions = (
				en,
				Base,
			);
			mainGroup = 03B2517D294BDBC000469018;
			productRefGroup = 03B25187294BDBC000469018 /* Products */;
			projectDirPath = "";
			projectRoot = "";
			targets = (
				03B25185294BDBC000469018 /* FancyCat */,
			);
		};
/* End PBXProject section */

/* Begin PBXSourcesBuildPhase section */
		03B25182294BDBC000469018 /* Sources */ = {
			isa = PBXSourcesBuildPhase;
			buildActionMask = 2147483647;
			files = (
				03B2519F294BE9E300469018 /* breeds.json in Sources */,
				03B2519A294BE2AF00469018 /* URLSessionExtension.swift in Sources */,
				03CBCF9A2965E29C00CE8452 /* BreedsURL.swift in Sources */,
				03B25193294BDC0500469018 /* Breed.swift in Sources */,
				03B25197294BDC9400469018 /* Breeds.swift in Sources */,
				03B2518A294BDBC000469018 /* main.swift in Sources */,
				030FCAD929662F9000EA23C8 /*  BreedsRequester.swift in Sources */,
				03B2519B294BE2AF00469018 /* URLProtocolStub.swift in Sources */,
			);
			runOnlyForDeploymentPostprocessing = 0;
		};
/* End PBXSourcesBuildPhase section */

/* Begin XCBuildConfiguration section */
		03B2518B294BDBC000469018 /* Debug */ = {
			isa = XCBuildConfiguration;
			buildSettings = {
				ALWAYS_SEARCH_USER_PATHS = NO;
				CLANG_ANALYZER_NONNULL = YES;
				CLANG_ANALYZER_NUMBER_OBJECT_CONVERSION = YES_AGGRESSIVE;
				CLANG_CXX_LANGUAGE_STANDARD = "gnu++20";
				CLANG_ENABLE_MODULES = YES;
				CLANG_ENABLE_OBJC_ARC = YES;
				CLANG_ENABLE_OBJC_WEAK = YES;
				CLANG_WARN_BLOCK_CAPTURE_AUTORELEASING = YES;
				CLANG_WARN_BOOL_CONVERSION = YES;
				CLANG_WARN_COMMA = YES;
				CLANG_WARN_CONSTANT_CONVERSION = YES;
				CLANG_WARN_DEPRECATED_OBJC_IMPLEMENTATIONS = YES;
				CLANG_WARN_DIRECT_OBJC_ISA_USAGE = YES_ERROR;
				CLANG_WARN_DOCUMENTATION_COMMENTS = YES;
				CLANG_WARN_EMPTY_BODY = YES;
				CLANG_WARN_ENUM_CONVERSION = YES;
				CLANG_WARN_INFINITE_RECURSION = YES;
				CLANG_WARN_INT_CONVERSION = YES;
				CLANG_WARN_NON_LITERAL_NULL_CONVERSION = YES;
				CLANG_WARN_OBJC_IMPLICIT_RETAIN_SELF = YES;
				CLANG_WARN_OBJC_LITERAL_CONVERSION = YES;
				CLANG_WARN_OBJC_ROOT_CLASS = YES_ERROR;
				CLANG_WARN_QUOTED_INCLUDE_IN_FRAMEWORK_HEADER = YES;
				CLANG_WARN_RANGE_LOOP_ANALYSIS = YES;
				CLANG_WARN_STRICT_PROTOTYPES = YES;
				CLANG_WARN_SUSPICIOUS_MOVE = YES;
				CLANG_WARN_UNGUARDED_AVAILABILITY = YES_AGGRESSIVE;
				CLANG_WARN_UNREACHABLE_CODE = YES;
				CLANG_WARN__DUPLICATE_METHOD_MATCH = YES;
				COPY_PHASE_STRIP = NO;
				DEBUG_INFORMATION_FORMAT = dwarf;
				ENABLE_STRICT_OBJC_MSGSEND = YES;
				ENABLE_TESTABILITY = YES;
				GCC_C_LANGUAGE_STANDARD = gnu11;
				GCC_DYNAMIC_NO_PIC = NO;
				GCC_NO_COMMON_BLOCKS = YES;
				GCC_OPTIMIZATION_LEVEL = 0;
				GCC_PREPROCESSOR_DEFINITIONS = (
					"DEBUG=1",
					"$(inherited)",
				);
				GCC_WARN_64_TO_32_BIT_CONVERSION = YES;
				GCC_WARN_ABOUT_RETURN_TYPE = YES_ERROR;
				GCC_WARN_UNDECLARED_SELECTOR = YES;
				GCC_WARN_UNINITIALIZED_AUTOS = YES_AGGRESSIVE;
				GCC_WARN_UNUSED_FUNCTION = YES;
				GCC_WARN_UNUSED_VARIABLE = YES;
				MACOSX_DEPLOYMENT_TARGET = 12.6;
				MTL_ENABLE_DEBUG_INFO = INCLUDE_SOURCE;
				MTL_FAST_MATH = YES;
				ONLY_ACTIVE_ARCH = YES;
				SDKROOT = macosx;
				SWIFT_ACTIVE_COMPILATION_CONDITIONS = DEBUG;
				SWIFT_OPTIMIZATION_LEVEL = "-Onone";
			};
			name = Debug;
		};
		03B2518C294BDBC000469018 /* Release */ = {
			isa = XCBuildConfiguration;
			buildSettings = {
				ALWAYS_SEARCH_USER_PATHS = NO;
				CLANG_ANALYZER_NONNULL = YES;
				CLANG_ANALYZER_NUMBER_OBJECT_CONVERSION = YES_AGGRESSIVE;
				CLANG_CXX_LANGUAGE_STANDARD = "gnu++20";
				CLANG_ENABLE_MODULES = YES;
				CLANG_ENABLE_OBJC_ARC = YES;
				CLANG_ENABLE_OBJC_WEAK = YES;
				CLANG_WARN_BLOCK_CAPTURE_AUTORELEASING = YES;
				CLANG_WARN_BOOL_CONVERSION = YES;
				CLANG_WARN_COMMA = YES;
				CLANG_WARN_CONSTANT_CONVERSION = YES;
				CLANG_WARN_DEPRECATED_OBJC_IMPLEMENTATIONS = YES;
				CLANG_WARN_DIRECT_OBJC_ISA_USAGE = YES_ERROR;
				CLANG_WARN_DOCUMENTATION_COMMENTS = YES;
				CLANG_WARN_EMPTY_BODY = YES;
				CLANG_WARN_ENUM_CONVERSION = YES;
				CLANG_WARN_INFINITE_RECURSION = YES;
				CLANG_WARN_INT_CONVERSION = YES;
				CLANG_WARN_NON_LITERAL_NULL_CONVERSION = YES;
				CLANG_WARN_OBJC_IMPLICIT_RETAIN_SELF = YES;
				CLANG_WARN_OBJC_LITERAL_CONVERSION = YES;
				CLANG_WARN_OBJC_ROOT_CLASS = YES_ERROR;
				CLANG_WARN_QUOTED_INCLUDE_IN_FRAMEWORK_HEADER = YES;
				CLANG_WARN_RANGE_LOOP_ANALYSIS = YES;
				CLANG_WARN_STRICT_PROTOTYPES = YES;
				CLANG_WARN_SUSPICIOUS_MOVE = YES;
				CLANG_WARN_UNGUARDED_AVAILABILITY = YES_AGGRESSIVE;
				CLANG_WARN_UNREACHABLE_CODE = YES;
				CLANG_WARN__DUPLICATE_METHOD_MATCH = YES;
				COPY_PHASE_STRIP = NO;
				DEBUG_INFORMATION_FORMAT = "dwarf-with-dsym";
				ENABLE_NS_ASSERTIONS = NO;
				ENABLE_STRICT_OBJC_MSGSEND = YES;
				GCC_C_LANGUAGE_STANDARD = gnu11;
				GCC_NO_COMMON_BLOCKS = YES;
				GCC_WARN_64_TO_32_BIT_CONVERSION = YES;
				GCC_WARN_ABOUT_RETURN_TYPE = YES_ERROR;
				GCC_WARN_UNDECLARED_SELECTOR = YES;
				GCC_WARN_UNINITIALIZED_AUTOS = YES_AGGRESSIVE;
				GCC_WARN_UNUSED_FUNCTION = YES;
				GCC_WARN_UNUSED_VARIABLE = YES;
				MACOSX_DEPLOYMENT_TARGET = 12.6;
				MTL_ENABLE_DEBUG_INFO = NO;
				MTL_FAST_MATH = YES;
				SDKROOT = macosx;
				SWIFT_COMPILATION_MODE = wholemodule;
				SWIFT_OPTIMIZATION_LEVEL = "-O";
			};
			name = Release;
		};
		03B2518E294BDBC000469018 /* Debug */ = {
			isa = XCBuildConfiguration;
			buildSettings = {
				CODE_SIGN_STYLE = Automatic;
				DEVELOPMENT_TEAM = V3L2PL4QC9;
				ENABLE_HARDENED_RUNTIME = YES;
				PRODUCT_NAME = "$(TARGET_NAME)";
				SWIFT_VERSION = 5.0;
			};
			name = Debug;
		};
		03B2518F294BDBC000469018 /* Release */ = {
			isa = XCBuildConfiguration;
			buildSettings = {
				CODE_SIGN_STYLE = Automatic;
				DEVELOPMENT_TEAM = V3L2PL4QC9;
				ENABLE_HARDENED_RUNTIME = YES;
				PRODUCT_NAME = "$(TARGET_NAME)";
				SWIFT_VERSION = 5.0;
			};
			name = Release;
		};
/* End XCBuildConfiguration section */

/* Begin XCConfigurationList section */
		03B25181294BDBC000469018 /* Build configuration list for PBXProject "FancyCat" */ = {
			isa = XCConfigurationList;
			buildConfigurations = (
				03B2518B294BDBC000469018 /* Debug */,
				03B2518C294BDBC000469018 /* Release */,
			);
			defaultConfigurationIsVisible = 0;
			defaultConfigurationName = Release;
		};
		03B2518D294BDBC000469018 /* Build configuration list for PBXNativeTarget "FancyCat" */ = {
			isa = XCConfigurationList;
			buildConfigurations = (
				03B2518E294BDBC000469018 /* Debug */,
				03B2518F294BDBC000469018 /* Release */,
			);
			defaultConfigurationIsVisible = 0;
			defaultConfigurationName = Release;
		};
/* End XCConfigurationList section */
	};
	rootObject = 03B2517E294BDBC000469018 /* Project object */;
}
